
Microsoft Visual Studio Solution File, Format Version 12.00
# Visual Studio Version 16
VisualStudioVersion = 16.0.31019.35
MinimumVisualStudioVersion = 10.0.40219.1
Project("{FAE04EC0-301F-11D3-BF4B-00C04F79EFBC}") = "Lab1", "Lab1.csproj", "{839F58CC-9727-4906-9A40-D3B646DAB40F}"
EndProject
Project("{FAE04EC0-301F-11D3-BF4B-00C04F79EFBC}") = "ConsoleMySin", "..\ConsoleMySin\ConsoleMySin.csproj", "{C800F4CC-B598-4D74-A19E-60F5D7C8D402}"
EndProject
Global
	GlobalSection(SolutionConfigurationPlatforms) = preSolution
		Debug|Any CPU = Debug|Any CPU
		Release|Any CPU = Release|Any CPU
	EndGlobalSection
	GlobalSection(ProjectConfigurationPlatforms) = postSolution
		{839F58CC-9727-4906-9A40-D3B646DAB40F}.Debug|Any CPU.ActiveCfg = Debug|Any CPU
		{839F58CC-9727-4906-9A40-D3B646DAB40F}.Debug|Any CPU.Build.0 = Debug|Any CPU
		{839F58CC-9727-4906-9A40-D3B646DAB40F}.Release|Any CPU.ActiveCfg = Release|Any CPU
		{839F58CC-9727-4906-9A40-D3B646DAB40F}.Release|Any CPU.Build.0 = Release|Any CPU
		{C800F4CC-B598-4D74-A19E-60F5D7C8D402}.Debug|Any CPU.ActiveCfg = Debug|Any CPU
		{C800F4CC-B598-4D74-A19E-60F5D7C8D402}.Debug|Any CPU.Build.0 = Debug|Any CPU
		{C800F4CC-B598-4D74-A19E-60F5D7C8D402}.Release|Any CPU.ActiveCfg = Release|Any CPU
		{C800F4CC-B598-4D74-A19E-60F5D7C8D402}.Release|Any CPU.Build.0 = Release|Any CPU
	EndGlobalSection
	GlobalSection(SolutionProperties) = preSolution
		HideSolutionNode = FALSE
	EndGlobalSection
	GlobalSection(ExtensibilityGlobals) = postSolution
		SolutionGuid = {710C101E-E80E-493C-98F4-D81CEF4AEDF2}
	EndGlobalSection
EndGlobal
